// !$*UTF8*$!
{
	archiveVersion = 1;
	classes = {
	};
	objectVersion = 55;
	objects = {

/* Begin PBXBuildFile section */
		C2137C1E296742F300ACAC02 /* ExtractSubviewsBootcamp.swift in Sources */ = {isa = PBXBuildFile; fileRef = C2137C1D296742F300ACAC02 /* ExtractSubviewsBootcamp.swift */; };
		C214CB7A2964770B00247CC0 /* StateBootcamp.swift in Sources */ = {isa = PBXBuildFile; fileRef = C214CB792964770B00247CC0 /* StateBootcamp.swift */; };
		C214CB7C2964A93900247CC0 /* ExtractFunctionsBootcamp.swift in Sources */ = {isa = PBXBuildFile; fileRef = C214CB7B2964A93900247CC0 /* ExtractFunctionsBootcamp.swift */; };
		C2272CB1299CC3BB008475E7 /* ContextMenuBootcamp.swift in Sources */ = {isa = PBXBuildFile; fileRef = C2272CB0299CC3BB008475E7 /* ContextMenuBootcamp.swift */; };
		C22E9809298D09FB008F79C9 /* AnimationCurvesBootcamp.swift in Sources */ = {isa = PBXBuildFile; fileRef = C22E9808298D09FB008F79C9 /* AnimationCurvesBootcamp.swift */; };
		C23728922922821A008E3BCD /* InitializerBootcamp.swift in Sources */ = {isa = PBXBuildFile; fileRef = C23728912922821A008E3BCD /* InitializerBootcamp.swift */; };
		C237289429229B0E008E3BCD /* ForEachBootcamp.swift in Sources */ = {isa = PBXBuildFile; fileRef = C237289329229B0E008E3BCD /* ForEachBootcamp.swift */; };
		C245F563299E873E0038E311 /* TextEditorBootcamp.swift in Sources */ = {isa = PBXBuildFile; fileRef = C245F562299E873E0038E311 /* TextEditorBootcamp.swift */; };
		C245F567299E8C550038E311 /* ToggleBootcamp.swift in Sources */ = {isa = PBXBuildFile; fileRef = C245F566299E8C550038E311 /* ToggleBootcamp.swift */; };
		C24A92902914EFF100D07888 /* GradientsBootcamp.swift in Sources */ = {isa = PBXBuildFile; fileRef = C24A928F2914EFF100D07888 /* GradientsBootcamp.swift */; };
		C24A929229150D2600D07888 /* IconsBootcamp.swift in Sources */ = {isa = PBXBuildFile; fileRef = C24A929129150D2600D07888 /* IconsBootcamp.swift */; };
		C24A929429157D3500D07888 /* ImageBootcamp.swift in Sources */ = {isa = PBXBuildFile; fileRef = C24A929329157D3500D07888 /* ImageBootcamp.swift */; };
		C2523B7E2918E7960085BB2F /* FrameBootcamp.swift in Sources */ = {isa = PBXBuildFile; fileRef = C2523B7D2918E7960085BB2F /* FrameBootcamp.swift */; };
		C2523B80291901030085BB2F /* BackgroundAndOverlayBootcamp.swift in Sources */ = {isa = PBXBuildFile; fileRef = C2523B7F291901030085BB2F /* BackgroundAndOverlayBootcamp.swift */; };
		C2523B8229194E0C0085BB2F /* StacksBootcamp.swift in Sources */ = {isa = PBXBuildFile; fileRef = C2523B8129194E0C0085BB2F /* StacksBootcamp.swift */; };
		C254166F291A83FD008DE65D /* PeddingAndSpacerBootcamp.swift in Sources */ = {isa = PBXBuildFile; fileRef = C254166E291A83FD008DE65D /* PeddingAndSpacerBootcamp.swift */; };
		C2541671291A8CF1008DE65D /* SpacerBootcamp.swift in Sources */ = {isa = PBXBuildFile; fileRef = C2541670291A8CF1008DE65D /* SpacerBootcamp.swift */; };
		C26CAE94299E7F9A00F1B4D8 /* TextFieldBootcamp.swift in Sources */ = {isa = PBXBuildFile; fileRef = C26CAE93299E7F9A00F1B4D8 /* TextFieldBootcamp.swift */; };
		C27AE7BD298C0E0F009778E1 /* TernaryOperatorsBootcamp.swift in Sources */ = {isa = PBXBuildFile; fileRef = C27AE7BC298C0E0F009778E1 /* TernaryOperatorsBootcamp.swift */; };
		C27AE7BF298C10E4009778E1 /* AnimationBootcamp.swift in Sources */ = {isa = PBXBuildFile; fileRef = C27AE7BE298C10E4009778E1 /* AnimationBootcamp.swift */; };
		C27EC8D52991507500B09A5A /* TransitionBootcamp.swift in Sources */ = {isa = PBXBuildFile; fileRef = C27EC8D42991507500B09A5A /* TransitionBootcamp.swift */; };
		C2941E692993E91600B1C2D7 /* NavigationViewBootcamp.swift in Sources */ = {isa = PBXBuildFile; fileRef = C2941E682993E91600B1C2D7 /* NavigationViewBootcamp.swift */; };
		C296E49C29ADE1E000802A5F /* PickerBootcamp.swift in Sources */ = {isa = PBXBuildFile; fileRef = C296E49B29ADE1E000802A5F /* PickerBootcamp.swift */; };
		C2A47F75292FBD75006083D1 /* GridBotcamp.swift in Sources */ = {isa = PBXBuildFile; fileRef = C2A47F74292FBD75006083D1 /* GridBotcamp.swift */; };
		C2A47F77292FCE2E006083D1 /* SafeAreaBootcamp.swift in Sources */ = {isa = PBXBuildFile; fileRef = C2A47F76292FCE2E006083D1 /* SafeAreaBootcamp.swift */; };
		C2A47F79292FDF4E006083D1 /* ButtonsBootcamp.swift in Sources */ = {isa = PBXBuildFile; fileRef = C2A47F78292FDF4E006083D1 /* ButtonsBootcamp.swift */; };
		C2AEAE8E29B0D91C00F65BEE /* OnAppearBootcamp.swift in Sources */ = {isa = PBXBuildFile; fileRef = C2AEAE8D29B0D91C00F65BEE /* OnAppearBootcamp.swift */; };
		C2B51A0029941B0400D9E80F /* ListBootcamp.swift in Sources */ = {isa = PBXBuildFile; fileRef = C2B519FF29941B0400D9E80F /* ListBootcamp.swift */; };
		C2C146AF29688B8E0006B9ED /* BindingBootcamp.swift in Sources */ = {isa = PBXBuildFile; fileRef = C2C146AE29688B8E0006B9ED /* BindingBootcamp.swift */; };
		C2C7F1572913EA4D00E50893 /* SwiftUIBootcampApp.swift in Sources */ = {isa = PBXBuildFile; fileRef = C2C7F1562913EA4D00E50893 /* SwiftUIBootcampApp.swift */; };
		C2C7F1592913EA4D00E50893 /* ContentView.swift in Sources */ = {isa = PBXBuildFile; fileRef = C2C7F1582913EA4D00E50893 /* ContentView.swift */; };
		C2C7F15B2913EA4F00E50893 /* Assets.xcassets in Resources */ = {isa = PBXBuildFile; fileRef = C2C7F15A2913EA4F00E50893 /* Assets.xcassets */; };
		C2C7F15E2913EA4F00E50893 /* Preview Assets.xcassets in Resources */ = {isa = PBXBuildFile; fileRef = C2C7F15D2913EA4F00E50893 /* Preview Assets.xcassets */; };
		C2C7F1652913EA9300E50893 /* TextBootcamp.swift in Sources */ = {isa = PBXBuildFile; fileRef = C2C7F1642913EA9300E50893 /* TextBootcamp.swift */; };
		C2C7F1672914052100E50893 /* ShapesBootcamp.swift in Sources */ = {isa = PBXBuildFile; fileRef = C2C7F1662914052100E50893 /* ShapesBootcamp.swift */; };
		C2C7F16929144D6D00E50893 /* ColorsBootcamp.swift in Sources */ = {isa = PBXBuildFile; fileRef = C2C7F16829144D6D00E50893 /* ColorsBootcamp.swift */; };
		C2C8BF1229AF3891002AA9FB /* ColorPickerBootcamp.swift in Sources */ = {isa = PBXBuildFile; fileRef = C2C8BF1129AF3891002AA9FB /* ColorPickerBootcamp.swift */; };
		C2C8BF1429AF3B8D002AA9FB /* DatePickerBootcamp.swift in Sources */ = {isa = PBXBuildFile; fileRef = C2C8BF1329AF3B8D002AA9FB /* DatePickerBootcamp.swift */; };
		C2C8BF1629AF4DD8002AA9FB /* StepperBootcamp.swift in Sources */ = {isa = PBXBuildFile; fileRef = C2C8BF1529AF4DD8002AA9FB /* StepperBootcamp.swift */; };
		C2C8BF1829AF5467002AA9FB /* SliderBootcamp.swift in Sources */ = {isa = PBXBuildFile; fileRef = C2C8BF1729AF5467002AA9FB /* SliderBootcamp.swift */; };
		C2C8BF1A29AF5A19002AA9FB /* TabViewBootcamp.swift in Sources */ = {isa = PBXBuildFile; fileRef = C2C8BF1929AF5A19002AA9FB /* TabViewBootcamp.swift */; };
		C2C8BF1C29AF88EB002AA9FB /* DarkModeBootcamp.swift in Sources */ = {isa = PBXBuildFile; fileRef = C2C8BF1B29AF88EB002AA9FB /* DarkModeBootcamp.swift */; };
		C2C8BF1E29AFADBF002AA9FB /* DocumentationBootcamp.swift in Sources */ = {isa = PBXBuildFile; fileRef = C2C8BF1D29AFADBF002AA9FB /* DocumentationBootcamp.swift */; };
		C2D4B33E298A95A100AFB54B /* ConditionalBootcamp.swift in Sources */ = {isa = PBXBuildFile; fileRef = C2D4B33D298A95A000AFB54B /* ConditionalBootcamp.swift */; };
		C2D92BBC29B1DEB400118856 /* IfLetGuardBootcamp.swift in Sources */ = {isa = PBXBuildFile; fileRef = C2D92BBB29B1DEB400118856 /* IfLetGuardBootcamp.swift */; };
		C2D92BBE29B2138A00118856 /* TapGestureBootcamp.swift in Sources */ = {isa = PBXBuildFile; fileRef = C2D92BBD29B2138A00118856 /* TapGestureBootcamp.swift */; };
		C2DCE026299299130096F927 /* SheetBootcamp.swift in Sources */ = {isa = PBXBuildFile; fileRef = C2DCE025299299130096F927 /* SheetBootcamp.swift */; };
		C2DCE0282992A0520096F927 /* PopoverBootcamp.swift in Sources */ = {isa = PBXBuildFile; fileRef = C2DCE0272992A0520096F927 /* PopoverBootcamp.swift */; };
		C2EE10A6292B893100A243A5 /* ScrollViewBootcamp.swift in Sources */ = {isa = PBXBuildFile; fileRef = C2EE10A5292B893100A243A5 /* ScrollViewBootcamp.swift */; };
		C2F17B9A299B6BBB004F691D /* ActionSheetBootcamp.swift in Sources */ = {isa = PBXBuildFile; fileRef = C2F17B99299B6BBB004F691D /* ActionSheetBootcamp.swift */; };
		C2FF21D1299A8F4D006BCC0B /* AlertBootcamp.swift in Sources */ = {isa = PBXBuildFile; fileRef = C2FF21D0299A8F4D006BCC0B /* AlertBootcamp.swift */; };
		ED2136DFF2651237911D4335 /* Pods_SwiftUIBootcamp.framework in Frameworks */ = {isa = PBXBuildFile; fileRef = 0587C4E36F6BA74B1CDB84CA /* Pods_SwiftUIBootcamp.framework */; };
/* End PBXBuildFile section */

/* Begin PBXFileReference section */
		0587C4E36F6BA74B1CDB84CA /* Pods_SwiftUIBootcamp.framework */ = {isa = PBXFileReference; explicitFileType = wrapper.framework; includeInIndex = 0; path = Pods_SwiftUIBootcamp.framework; sourceTree = BUILT_PRODUCTS_DIR; };
		A43571628D6CEE3858DA9C3D /* Pods-SwiftUIBootcamp.release.xcconfig */ = {isa = PBXFileReference; includeInIndex = 1; lastKnownFileType = text.xcconfig; name = "Pods-SwiftUIBootcamp.release.xcconfig"; path = "Target Support Files/Pods-SwiftUIBootcamp/Pods-SwiftUIBootcamp.release.xcconfig"; sourceTree = "<group>"; };
		A847BB710928042C63A53A86 /* Pods-SwiftUIBootcamp.debug.xcconfig */ = {isa = PBXFileReference; includeInIndex = 1; lastKnownFileType = text.xcconfig; name = "Pods-SwiftUIBootcamp.debug.xcconfig"; path = "Target Support Files/Pods-SwiftUIBootcamp/Pods-SwiftUIBootcamp.debug.xcconfig"; sourceTree = "<group>"; };
		C2137C1D296742F300ACAC02 /* ExtractSubviewsBootcamp.swift */ = {isa = PBXFileReference; lastKnownFileType = sourcecode.swift; path = ExtractSubviewsBootcamp.swift; sourceTree = "<group>"; };
		C214CB792964770B00247CC0 /* StateBootcamp.swift */ = {isa = PBXFileReference; lastKnownFileType = sourcecode.swift; path = StateBootcamp.swift; sourceTree = "<group>"; };
		C214CB7B2964A93900247CC0 /* ExtractFunctionsBootcamp.swift */ = {isa = PBXFileReference; lastKnownFileType = sourcecode.swift; path = ExtractFunctionsBootcamp.swift; sourceTree = "<group>"; };
		C2272CB0299CC3BB008475E7 /* ContextMenuBootcamp.swift */ = {isa = PBXFileReference; lastKnownFileType = sourcecode.swift; path = ContextMenuBootcamp.swift; sourceTree = "<group>"; };
		C22E9808298D09FB008F79C9 /* AnimationCurvesBootcamp.swift */ = {isa = PBXFileReference; lastKnownFileType = sourcecode.swift; path = AnimationCurvesBootcamp.swift; sourceTree = "<group>"; };
		C23728912922821A008E3BCD /* InitializerBootcamp.swift */ = {isa = PBXFileReference; lastKnownFileType = sourcecode.swift; path = InitializerBootcamp.swift; sourceTree = "<group>"; };
		C237289329229B0E008E3BCD /* ForEachBootcamp.swift */ = {isa = PBXFileReference; lastKnownFileType = sourcecode.swift; path = ForEachBootcamp.swift; sourceTree = "<group>"; };
		C245F562299E873E0038E311 /* TextEditorBootcamp.swift */ = {isa = PBXFileReference; lastKnownFileType = sourcecode.swift; path = TextEditorBootcamp.swift; sourceTree = "<group>"; };
		C245F566299E8C550038E311 /* ToggleBootcamp.swift */ = {isa = PBXFileReference; lastKnownFileType = sourcecode.swift; path = ToggleBootcamp.swift; sourceTree = "<group>"; };
		C24A928F2914EFF100D07888 /* GradientsBootcamp.swift */ = {isa = PBXFileReference; lastKnownFileType = sourcecode.swift; path = GradientsBootcamp.swift; sourceTree = "<group>"; };
		C24A929129150D2600D07888 /* IconsBootcamp.swift */ = {isa = PBXFileReference; lastKnownFileType = sourcecode.swift; path = IconsBootcamp.swift; sourceTree = "<group>"; };
		C24A929329157D3500D07888 /* ImageBootcamp.swift */ = {isa = PBXFileReference; lastKnownFileType = sourcecode.swift; path = ImageBootcamp.swift; sourceTree = "<group>"; };
		C2523B7D2918E7960085BB2F /* FrameBootcamp.swift */ = {isa = PBXFileReference; lastKnownFileType = sourcecode.swift; path = FrameBootcamp.swift; sourceTree = "<group>"; };
		C2523B7F291901030085BB2F /* BackgroundAndOverlayBootcamp.swift */ = {isa = PBXFileReference; lastKnownFileType = sourcecode.swift; path = BackgroundAndOverlayBootcamp.swift; sourceTree = "<group>"; };
		C2523B8129194E0C0085BB2F /* StacksBootcamp.swift */ = {isa = PBXFileReference; lastKnownFileType = sourcecode.swift; path = StacksBootcamp.swift; sourceTree = "<group>"; };
		C254166E291A83FD008DE65D /* PeddingAndSpacerBootcamp.swift */ = {isa = PBXFileReference; lastKnownFileType = sourcecode.swift; path = PeddingAndSpacerBootcamp.swift; sourceTree = "<group>"; };
		C2541670291A8CF1008DE65D /* SpacerBootcamp.swift */ = {isa = PBXFileReference; lastKnownFileType = sourcecode.swift; path = SpacerBootcamp.swift; sourceTree = "<group>"; };
		C26CAE93299E7F9A00F1B4D8 /* TextFieldBootcamp.swift */ = {isa = PBXFileReference; lastKnownFileType = sourcecode.swift; path = TextFieldBootcamp.swift; sourceTree = "<group>"; };
		C27AE7BC298C0E0F009778E1 /* TernaryOperatorsBootcamp.swift */ = {isa = PBXFileReference; lastKnownFileType = sourcecode.swift; path = TernaryOperatorsBootcamp.swift; sourceTree = "<group>"; };
		C27AE7BE298C10E4009778E1 /* AnimationBootcamp.swift */ = {isa = PBXFileReference; lastKnownFileType = sourcecode.swift; path = AnimationBootcamp.swift; sourceTree = "<group>"; };
		C27EC8D42991507500B09A5A /* TransitionBootcamp.swift */ = {isa = PBXFileReference; lastKnownFileType = sourcecode.swift; path = TransitionBootcamp.swift; sourceTree = "<group>"; };
		C2941E682993E91600B1C2D7 /* NavigationViewBootcamp.swift */ = {isa = PBXFileReference; lastKnownFileType = sourcecode.swift; path = NavigationViewBootcamp.swift; sourceTree = "<group>"; };
		C296E49B29ADE1E000802A5F /* PickerBootcamp.swift */ = {isa = PBXFileReference; lastKnownFileType = sourcecode.swift; path = PickerBootcamp.swift; sourceTree = "<group>"; };
		C2A47F74292FBD75006083D1 /* GridBotcamp.swift */ = {isa = PBXFileReference; lastKnownFileType = sourcecode.swift; path = GridBotcamp.swift; sourceTree = "<group>"; };
		C2A47F76292FCE2E006083D1 /* SafeAreaBootcamp.swift */ = {isa = PBXFileReference; lastKnownFileType = sourcecode.swift; path = SafeAreaBootcamp.swift; sourceTree = "<group>"; };
		C2A47F78292FDF4E006083D1 /* ButtonsBootcamp.swift */ = {isa = PBXFileReference; lastKnownFileType = sourcecode.swift; path = ButtonsBootcamp.swift; sourceTree = "<group>"; };
		C2AEAE8D29B0D91C00F65BEE /* OnAppearBootcamp.swift */ = {isa = PBXFileReference; lastKnownFileType = sourcecode.swift; path = OnAppearBootcamp.swift; sourceTree = "<group>"; };
		C2B519FF29941B0400D9E80F /* ListBootcamp.swift */ = {isa = PBXFileReference; lastKnownFileType = sourcecode.swift; path = ListBootcamp.swift; sourceTree = "<group>"; };
		C2C146AE29688B8E0006B9ED /* BindingBootcamp.swift */ = {isa = PBXFileReference; lastKnownFileType = sourcecode.swift; path = BindingBootcamp.swift; sourceTree = "<group>"; };
		C2C7F1532913EA4D00E50893 /* SwiftUIBootcamp.app */ = {isa = PBXFileReference; explicitFileType = wrapper.application; includeInIndex = 0; path = SwiftUIBootcamp.app; sourceTree = BUILT_PRODUCTS_DIR; };
		C2C7F1562913EA4D00E50893 /* SwiftUIBootcampApp.swift */ = {isa = PBXFileReference; lastKnownFileType = sourcecode.swift; path = SwiftUIBootcampApp.swift; sourceTree = "<group>"; };
		C2C7F1582913EA4D00E50893 /* ContentView.swift */ = {isa = PBXFileReference; lastKnownFileType = sourcecode.swift; path = ContentView.swift; sourceTree = "<group>"; };
		C2C7F15A2913EA4F00E50893 /* Assets.xcassets */ = {isa = PBXFileReference; lastKnownFileType = folder.assetcatalog; path = Assets.xcassets; sourceTree = "<group>"; };
		C2C7F15D2913EA4F00E50893 /* Preview Assets.xcassets */ = {isa = PBXFileReference; lastKnownFileType = folder.assetcatalog; path = "Preview Assets.xcassets"; sourceTree = "<group>"; };
		C2C7F1642913EA9300E50893 /* TextBootcamp.swift */ = {isa = PBXFileReference; lastKnownFileType = sourcecode.swift; path = TextBootcamp.swift; sourceTree = "<group>"; };
		C2C7F1662914052100E50893 /* ShapesBootcamp.swift */ = {isa = PBXFileReference; lastKnownFileType = sourcecode.swift; path = ShapesBootcamp.swift; sourceTree = "<group>"; };
		C2C7F16829144D6D00E50893 /* ColorsBootcamp.swift */ = {isa = PBXFileReference; lastKnownFileType = sourcecode.swift; path = ColorsBootcamp.swift; sourceTree = "<group>"; };
		C2C8BF1129AF3891002AA9FB /* ColorPickerBootcamp.swift */ = {isa = PBXFileReference; lastKnownFileType = sourcecode.swift; path = ColorPickerBootcamp.swift; sourceTree = "<group>"; };
		C2C8BF1329AF3B8D002AA9FB /* DatePickerBootcamp.swift */ = {isa = PBXFileReference; lastKnownFileType = sourcecode.swift; path = DatePickerBootcamp.swift; sourceTree = "<group>"; };
		C2C8BF1529AF4DD8002AA9FB /* StepperBootcamp.swift */ = {isa = PBXFileReference; lastKnownFileType = sourcecode.swift; path = StepperBootcamp.swift; sourceTree = "<group>"; };
		C2C8BF1729AF5467002AA9FB /* SliderBootcamp.swift */ = {isa = PBXFileReference; lastKnownFileType = sourcecode.swift; path = SliderBootcamp.swift; sourceTree = "<group>"; };
		C2C8BF1929AF5A19002AA9FB /* TabViewBootcamp.swift */ = {isa = PBXFileReference; lastKnownFileType = sourcecode.swift; path = TabViewBootcamp.swift; sourceTree = "<group>"; };
		C2C8BF1B29AF88EB002AA9FB /* DarkModeBootcamp.swift */ = {isa = PBXFileReference; lastKnownFileType = sourcecode.swift; path = DarkModeBootcamp.swift; sourceTree = "<group>"; };
		C2C8BF1D29AFADBF002AA9FB /* DocumentationBootcamp.swift */ = {isa = PBXFileReference; lastKnownFileType = sourcecode.swift; path = DocumentationBootcamp.swift; sourceTree = "<group>"; };
		C2D4B33D298A95A000AFB54B /* ConditionalBootcamp.swift */ = {isa = PBXFileReference; lastKnownFileType = sourcecode.swift; path = ConditionalBootcamp.swift; sourceTree = "<group>"; };
		C2D92BBB29B1DEB400118856 /* IfLetGuardBootcamp.swift */ = {isa = PBXFileReference; lastKnownFileType = sourcecode.swift; path = IfLetGuardBootcamp.swift; sourceTree = "<group>"; };
		C2D92BBD29B2138A00118856 /* TapGestureBootcamp.swift */ = {isa = PBXFileReference; lastKnownFileType = sourcecode.swift; path = TapGestureBootcamp.swift; sourceTree = "<group>"; };
		C2DCE025299299130096F927 /* SheetBootcamp.swift */ = {isa = PBXFileReference; lastKnownFileType = sourcecode.swift; path = SheetBootcamp.swift; sourceTree = "<group>"; };
		C2DCE0272992A0520096F927 /* PopoverBootcamp.swift */ = {isa = PBXFileReference; lastKnownFileType = sourcecode.swift; path = PopoverBootcamp.swift; sourceTree = "<group>"; };
		C2EE10A5292B893100A243A5 /* ScrollViewBootcamp.swift */ = {isa = PBXFileReference; lastKnownFileType = sourcecode.swift; path = ScrollViewBootcamp.swift; sourceTree = "<group>"; };
		C2F17B99299B6BBB004F691D /* ActionSheetBootcamp.swift */ = {isa = PBXFileReference; lastKnownFileType = sourcecode.swift; path = ActionSheetBootcamp.swift; sourceTree = "<group>"; };
		C2FF21D0299A8F4D006BCC0B /* AlertBootcamp.swift */ = {isa = PBXFileReference; lastKnownFileType = sourcecode.swift; path = AlertBootcamp.swift; sourceTree = "<group>"; };
/* End PBXFileReference section */

/* Begin PBXFrameworksBuildPhase section */
		C2C7F1502913EA4D00E50893 /* Frameworks */ = {
			isa = PBXFrameworksBuildPhase;
			buildActionMask = 2147483647;
			files = (
				ED2136DFF2651237911D4335 /* Pods_SwiftUIBootcamp.framework in Frameworks */,
			);
			runOnlyForDeploymentPostprocessing = 0;
		};
/* End PBXFrameworksBuildPhase section */

/* Begin PBXGroup section */
		C2C7F14A2913EA4D00E50893 = {
			isa = PBXGroup;
			children = (
				C2C7F1552913EA4D00E50893 /* SwiftUIBootcamp */,
				C2C7F1542913EA4D00E50893 /* Products */,
				D6D505ADB6E8132BF4910DC4 /* Pods */,
				D03CA1BFD1F6962681E713A1 /* Frameworks */,
			);
			sourceTree = "<group>";
		};
		C2C7F1542913EA4D00E50893 /* Products */ = {
			isa = PBXGroup;
			children = (
				C2C7F1532913EA4D00E50893 /* SwiftUIBootcamp.app */,
			);
			name = Products;
			sourceTree = "<group>";
		};
		C2C7F1552913EA4D00E50893 /* SwiftUIBootcamp */ = {
			isa = PBXGroup;
			children = (
				C2C7F1562913EA4D00E50893 /* SwiftUIBootcampApp.swift */,
				C2C7F1582913EA4D00E50893 /* ContentView.swift */,
				C2C7F1642913EA9300E50893 /* TextBootcamp.swift */,
				C2C7F1662914052100E50893 /* ShapesBootcamp.swift */,
				C2C7F16829144D6D00E50893 /* ColorsBootcamp.swift */,
				C24A928F2914EFF100D07888 /* GradientsBootcamp.swift */,
				C24A929129150D2600D07888 /* IconsBootcamp.swift */,
				C24A929329157D3500D07888 /* ImageBootcamp.swift */,
				C2523B7D2918E7960085BB2F /* FrameBootcamp.swift */,
				C2523B7F291901030085BB2F /* BackgroundAndOverlayBootcamp.swift */,
				C2523B8129194E0C0085BB2F /* StacksBootcamp.swift */,
				C254166E291A83FD008DE65D /* PeddingAndSpacerBootcamp.swift */,
				C2541670291A8CF1008DE65D /* SpacerBootcamp.swift */,
				C23728912922821A008E3BCD /* InitializerBootcamp.swift */,
				C237289329229B0E008E3BCD /* ForEachBootcamp.swift */,
				C2EE10A5292B893100A243A5 /* ScrollViewBootcamp.swift */,
				C2A47F74292FBD75006083D1 /* GridBotcamp.swift */,
				C2A47F76292FCE2E006083D1 /* SafeAreaBootcamp.swift */,
				C2A47F78292FDF4E006083D1 /* ButtonsBootcamp.swift */,
				C214CB792964770B00247CC0 /* StateBootcamp.swift */,
				C214CB7B2964A93900247CC0 /* ExtractFunctionsBootcamp.swift */,
				C2137C1D296742F300ACAC02 /* ExtractSubviewsBootcamp.swift */,
				C2C146AE29688B8E0006B9ED /* BindingBootcamp.swift */,
				C2D4B33D298A95A000AFB54B /* ConditionalBootcamp.swift */,
				C27AE7BC298C0E0F009778E1 /* TernaryOperatorsBootcamp.swift */,
				C27AE7BE298C10E4009778E1 /* AnimationBootcamp.swift */,
				C22E9808298D09FB008F79C9 /* AnimationCurvesBootcamp.swift */,
				C27EC8D42991507500B09A5A /* TransitionBootcamp.swift */,
				C2DCE025299299130096F927 /* SheetBootcamp.swift */,
				C2DCE0272992A0520096F927 /* PopoverBootcamp.swift */,
				C2941E682993E91600B1C2D7 /* NavigationViewBootcamp.swift */,
				C2B519FF29941B0400D9E80F /* ListBootcamp.swift */,
				C2FF21D0299A8F4D006BCC0B /* AlertBootcamp.swift */,
				C2F17B99299B6BBB004F691D /* ActionSheetBootcamp.swift */,
				C2272CB0299CC3BB008475E7 /* ContextMenuBootcamp.swift */,
				C26CAE93299E7F9A00F1B4D8 /* TextFieldBootcamp.swift */,
				C245F562299E873E0038E311 /* TextEditorBootcamp.swift */,
				C245F566299E8C550038E311 /* ToggleBootcamp.swift */,
				C296E49B29ADE1E000802A5F /* PickerBootcamp.swift */,
				C2C8BF1129AF3891002AA9FB /* ColorPickerBootcamp.swift */,
				C2C8BF1329AF3B8D002AA9FB /* DatePickerBootcamp.swift */,
				C2C8BF1529AF4DD8002AA9FB /* StepperBootcamp.swift */,
				C2C8BF1729AF5467002AA9FB /* SliderBootcamp.swift */,
				C2C8BF1929AF5A19002AA9FB /* TabViewBootcamp.swift */,
				C2C8BF1B29AF88EB002AA9FB /* DarkModeBootcamp.swift */,
				C2C8BF1D29AFADBF002AA9FB /* DocumentationBootcamp.swift */,
				C2AEAE8D29B0D91C00F65BEE /* OnAppearBootcamp.swift */,
				C2D92BBB29B1DEB400118856 /* IfLetGuardBootcamp.swift */,
				C2D92BBD29B2138A00118856 /* TapGestureBootcamp.swift */,
				C2C7F15A2913EA4F00E50893 /* Assets.xcassets */,
				C2C7F15C2913EA4F00E50893 /* Preview Content */,
			);
			path = SwiftUIBootcamp;
			sourceTree = "<group>";
		};
		C2C7F15C2913EA4F00E50893 /* Preview Content */ = {
			isa = PBXGroup;
			children = (
				C2C7F15D2913EA4F00E50893 /* Preview Assets.xcassets */,
			);
			path = "Preview Content";
			sourceTree = "<group>";
		};
		D03CA1BFD1F6962681E713A1 /* Frameworks */ = {
			isa = PBXGroup;
			children = (
				0587C4E36F6BA74B1CDB84CA /* Pods_SwiftUIBootcamp.framework */,
			);
			name = Frameworks;
			sourceTree = "<group>";
		};
		D6D505ADB6E8132BF4910DC4 /* Pods */ = {
			isa = PBXGroup;
			children = (
				A847BB710928042C63A53A86 /* Pods-SwiftUIBootcamp.debug.xcconfig */,
				A43571628D6CEE3858DA9C3D /* Pods-SwiftUIBootcamp.release.xcconfig */,
			);
			path = Pods;
			sourceTree = "<group>";
		};
/* End PBXGroup section */

/* Begin PBXNativeTarget section */
		C2C7F1522913EA4D00E50893 /* SwiftUIBootcamp */ = {
			isa = PBXNativeTarget;
			buildConfigurationList = C2C7F1612913EA4F00E50893 /* Build configuration list for PBXNativeTarget "SwiftUIBootcamp" */;
			buildPhases = (
				E3D31BA5D8F84F5BDFF9C272 /* [CP] Check Pods Manifest.lock */,
				C2C7F14F2913EA4D00E50893 /* Sources */,
				C2C7F1502913EA4D00E50893 /* Frameworks */,
				C2C7F1512913EA4D00E50893 /* Resources */,
				4743A7CE18D21EA1A169C732 /* [CP] Embed Pods Frameworks */,
			);
			buildRules = (
			);
			dependencies = (
			);
			name = SwiftUIBootcamp;
			productName = SwiftUIBootcamp;
			productReference = C2C7F1532913EA4D00E50893 /* SwiftUIBootcamp.app */;
			productType = "com.apple.product-type.application";
		};
/* End PBXNativeTarget section */

/* Begin PBXProject section */
		C2C7F14B2913EA4D00E50893 /* Project object */ = {
			isa = PBXProject;
			attributes = {
				BuildIndependentTargetsInParallel = 1;
				LastSwiftUpdateCheck = 1400;
				LastUpgradeCheck = 1400;
				TargetAttributes = {
					C2C7F1522913EA4D00E50893 = {
						CreatedOnToolsVersion = 14.0.1;
					};
				};
			};
			buildConfigurationList = C2C7F14E2913EA4D00E50893 /* Build configuration list for PBXProject "SwiftUIBootcamp" */;
			compatibilityVersion = "Xcode 13.0";
			developmentRegion = en;
			hasScannedForEncodings = 0;
			knownRegions = (
				en,
				Base,
			);
			mainGroup = C2C7F14A2913EA4D00E50893;
			productRefGroup = C2C7F1542913EA4D00E50893 /* Products */;
			projectDirPath = "";
			projectRoot = "";
			targets = (
				C2C7F1522913EA4D00E50893 /* SwiftUIBootcamp */,
			);
		};
/* End PBXProject section */

/* Begin PBXResourcesBuildPhase section */
		C2C7F1512913EA4D00E50893 /* Resources */ = {
			isa = PBXResourcesBuildPhase;
			buildActionMask = 2147483647;
			files = (
				C2C7F15E2913EA4F00E50893 /* Preview Assets.xcassets in Resources */,
				C2C7F15B2913EA4F00E50893 /* Assets.xcassets in Resources */,
			);
			runOnlyForDeploymentPostprocessing = 0;
		};
/* End PBXResourcesBuildPhase section */

/* Begin PBXShellScriptBuildPhase section */
		4743A7CE18D21EA1A169C732 /* [CP] Embed Pods Frameworks */ = {
			isa = PBXShellScriptBuildPhase;
			buildActionMask = 2147483647;
			files = (
			);
			inputFileListPaths = (
				"${PODS_ROOT}/Target Support Files/Pods-SwiftUIBootcamp/Pods-SwiftUIBootcamp-frameworks-${CONFIGURATION}-input-files.xcfilelist",
			);
			name = "[CP] Embed Pods Frameworks";
			outputFileListPaths = (
				"${PODS_ROOT}/Target Support Files/Pods-SwiftUIBootcamp/Pods-SwiftUIBootcamp-frameworks-${CONFIGURATION}-output-files.xcfilelist",
			);
			runOnlyForDeploymentPostprocessing = 0;
			shellPath = /bin/sh;
			shellScript = "\"${PODS_ROOT}/Target Support Files/Pods-SwiftUIBootcamp/Pods-SwiftUIBootcamp-frameworks.sh\"\n";
			showEnvVarsInLog = 0;
		};
		E3D31BA5D8F84F5BDFF9C272 /* [CP] Check Pods Manifest.lock */ = {
			isa = PBXShellScriptBuildPhase;
			buildActionMask = 2147483647;
			files = (
			);
			inputFileListPaths = (
			);
			inputPaths = (
				"${PODS_PODFILE_DIR_PATH}/Podfile.lock",
				"${PODS_ROOT}/Manifest.lock",
			);
			name = "[CP] Check Pods Manifest.lock";
			outputFileListPaths = (
			);
			outputPaths = (
				"$(DERIVED_FILE_DIR)/Pods-SwiftUIBootcamp-checkManifestLockResult.txt",
			);
			runOnlyForDeploymentPostprocessing = 0;
			shellPath = /bin/sh;
			shellScript = "diff \"${PODS_PODFILE_DIR_PATH}/Podfile.lock\" \"${PODS_ROOT}/Manifest.lock\" > /dev/null\nif [ $? != 0 ] ; then\n    # print error to STDERR\n    echo \"error: The sandbox is not in sync with the Podfile.lock. Run 'pod install' or update your CocoaPods installation.\" >&2\n    exit 1\nfi\n# This output is used by Xcode 'outputs' to avoid re-running this script phase.\necho \"SUCCESS\" > \"${SCRIPT_OUTPUT_FILE_0}\"\n";
			showEnvVarsInLog = 0;
		};
/* End PBXShellScriptBuildPhase section */

/* Begin PBXSourcesBuildPhase section */
		C2C7F14F2913EA4D00E50893 /* Sources */ = {
			isa = PBXSourcesBuildPhase;
			buildActionMask = 2147483647;
			files = (
				C214CB7A2964770B00247CC0 /* StateBootcamp.swift in Sources */,
				C24A92902914EFF100D07888 /* GradientsBootcamp.swift in Sources */,
				C2523B80291901030085BB2F /* BackgroundAndOverlayBootcamp.swift in Sources */,
				C2C8BF1A29AF5A19002AA9FB /* TabViewBootcamp.swift in Sources */,
				C2EE10A6292B893100A243A5 /* ScrollViewBootcamp.swift in Sources */,
				C2D92BBE29B2138A00118856 /* TapGestureBootcamp.swift in Sources */,
				C245F563299E873E0038E311 /* TextEditorBootcamp.swift in Sources */,
				C254166F291A83FD008DE65D /* PeddingAndSpacerBootcamp.swift in Sources */,
				C2C7F16929144D6D00E50893 /* ColorsBootcamp.swift in Sources */,
				C2C8BF1429AF3B8D002AA9FB /* DatePickerBootcamp.swift in Sources */,
				C27AE7BD298C0E0F009778E1 /* TernaryOperatorsBootcamp.swift in Sources */,
				C2272CB1299CC3BB008475E7 /* ContextMenuBootcamp.swift in Sources */,
				C26CAE94299E7F9A00F1B4D8 /* TextFieldBootcamp.swift in Sources */,
				C2137C1E296742F300ACAC02 /* ExtractSubviewsBootcamp.swift in Sources */,
				C2523B7E2918E7960085BB2F /* FrameBootcamp.swift in Sources */,
				C22E9809298D09FB008F79C9 /* AnimationCurvesBootcamp.swift in Sources */,
				C2D92BBC29B1DEB400118856 /* IfLetGuardBootcamp.swift in Sources */,
				C23728922922821A008E3BCD /* InitializerBootcamp.swift in Sources */,
				C2C7F1672914052100E50893 /* ShapesBootcamp.swift in Sources */,
				C2FF21D1299A8F4D006BCC0B /* AlertBootcamp.swift in Sources */,
				C214CB7C2964A93900247CC0 /* ExtractFunctionsBootcamp.swift in Sources */,
				C2A47F79292FDF4E006083D1 /* ButtonsBootcamp.swift in Sources */,
				C2A47F77292FCE2E006083D1 /* SafeAreaBootcamp.swift in Sources */,
				C296E49C29ADE1E000802A5F /* PickerBootcamp.swift in Sources */,
				C2C7F1592913EA4D00E50893 /* ContentView.swift in Sources */,
				C237289429229B0E008E3BCD /* ForEachBootcamp.swift in Sources */,
				C2DCE026299299130096F927 /* SheetBootcamp.swift in Sources */,
				C2C7F1652913EA9300E50893 /* TextBootcamp.swift in Sources */,
				C2C7F1572913EA4D00E50893 /* SwiftUIBootcampApp.swift in Sources */,
				C245F567299E8C550038E311 /* ToggleBootcamp.swift in Sources */,
				C27EC8D52991507500B09A5A /* TransitionBootcamp.swift in Sources */,
				C2AEAE8E29B0D91C00F65BEE /* OnAppearBootcamp.swift in Sources */,
				C2C8BF1E29AFADBF002AA9FB /* DocumentationBootcamp.swift in Sources */,
				C2523B8229194E0C0085BB2F /* StacksBootcamp.swift in Sources */,
				C2DCE0282992A0520096F927 /* PopoverBootcamp.swift in Sources */,
				C2C8BF1C29AF88EB002AA9FB /* DarkModeBootcamp.swift in Sources */,
				C2C8BF1629AF4DD8002AA9FB /* StepperBootcamp.swift in Sources */,
				C2F17B9A299B6BBB004F691D /* ActionSheetBootcamp.swift in Sources */,
				C2C8BF1229AF3891002AA9FB /* ColorPickerBootcamp.swift in Sources */,
				C2C146AF29688B8E0006B9ED /* BindingBootcamp.swift in Sources */,
				C2541671291A8CF1008DE65D /* SpacerBootcamp.swift in Sources */,
				C2C8BF1829AF5467002AA9FB /* SliderBootcamp.swift in Sources */,
				C27AE7BF298C10E4009778E1 /* AnimationBootcamp.swift in Sources */,
				C2A47F75292FBD75006083D1 /* GridBotcamp.swift in Sources */,
				C2941E692993E91600B1C2D7 /* NavigationViewBootcamp.swift in Sources */,
				C2D4B33E298A95A100AFB54B /* ConditionalBootcamp.swift in Sources */,
				C24A929429157D3500D07888 /* ImageBootcamp.swift in Sources */,
				C2B51A0029941B0400D9E80F /* ListBootcamp.swift in Sources */,
				C24A929229150D2600D07888 /* IconsBootcamp.swift in Sources */,
			);
			runOnlyForDeploymentPostprocessing = 0;
		};
/* End PBXSourcesBuildPhase section */

/* Begin XCBuildConfiguration section */
		C2C7F15F2913EA4F00E50893 /* Debug */ = {
			isa = XCBuildConfiguration;
			buildSettings = {
				ALWAYS_SEARCH_USER_PATHS = NO;
				CLANG_ANALYZER_NONNULL = YES;
				CLANG_ANALYZER_NUMBER_OBJECT_CONVERSION = YES_AGGRESSIVE;
				CLANG_CXX_LANGUAGE_STANDARD = "gnu++20";
				CLANG_ENABLE_MODULES = YES;
				CLANG_ENABLE_OBJC_ARC = YES;
				CLANG_ENABLE_OBJC_WEAK = YES;
				CLANG_WARN_BLOCK_CAPTURE_AUTORELEASING = YES;
				CLANG_WARN_BOOL_CONVERSION = YES;
				CLANG_WARN_COMMA = YES;
				CLANG_WARN_CONSTANT_CONVERSION = YES;
				CLANG_WARN_DEPRECATED_OBJC_IMPLEMENTATIONS = YES;
				CLANG_WARN_DIRECT_OBJC_ISA_USAGE = YES_ERROR;
				CLANG_WARN_DOCUMENTATION_COMMENTS = YES;
				CLANG_WARN_EMPTY_BODY = YES;
				CLANG_WARN_ENUM_CONVERSION = YES;
				CLANG_WARN_INFINITE_RECURSION = YES;
				CLANG_WARN_INT_CONVERSION = YES;
				CLANG_WARN_NON_LITERAL_NULL_CONVERSION = YES;
				CLANG_WARN_OBJC_IMPLICIT_RETAIN_SELF = YES;
				CLANG_WARN_OBJC_LITERAL_CONVERSION = YES;
				CLANG_WARN_OBJC_ROOT_CLASS = YES_ERROR;
				CLANG_WARN_QUOTED_INCLUDE_IN_FRAMEWORK_HEADER = YES;
				CLANG_WARN_RANGE_LOOP_ANALYSIS = YES;
				CLANG_WARN_STRICT_PROTOTYPES = YES;
				CLANG_WARN_SUSPICIOUS_MOVE = YES;
				CLANG_WARN_UNGUARDED_AVAILABILITY = YES_AGGRESSIVE;
				CLANG_WARN_UNREACHABLE_CODE = YES;
				CLANG_WARN__DUPLICATE_METHOD_MATCH = YES;
				COPY_PHASE_STRIP = NO;
				DEBUG_INFORMATION_FORMAT = dwarf;
				ENABLE_STRICT_OBJC_MSGSEND = YES;
				ENABLE_TESTABILITY = YES;
				GCC_C_LANGUAGE_STANDARD = gnu11;
				GCC_DYNAMIC_NO_PIC = NO;
				GCC_NO_COMMON_BLOCKS = YES;
				GCC_OPTIMIZATION_LEVEL = 0;
				GCC_PREPROCESSOR_DEFINITIONS = (
					"DEBUG=1",
					"$(inherited)",
				);
				GCC_WARN_64_TO_32_BIT_CONVERSION = YES;
				GCC_WARN_ABOUT_RETURN_TYPE = YES_ERROR;
				GCC_WARN_UNDECLARED_SELECTOR = YES;
				GCC_WARN_UNINITIALIZED_AUTOS = YES_AGGRESSIVE;
				GCC_WARN_UNUSED_FUNCTION = YES;
				GCC_WARN_UNUSED_VARIABLE = YES;
				IPHONEOS_DEPLOYMENT_TARGET = 16.0;
				MTL_ENABLE_DEBUG_INFO = INCLUDE_SOURCE;
				MTL_FAST_MATH = YES;
				ONLY_ACTIVE_ARCH = YES;
				SDKROOT = iphoneos;
				SWIFT_ACTIVE_COMPILATION_CONDITIONS = DEBUG;
				SWIFT_OPTIMIZATION_LEVEL = "-Onone";
			};
			name = Debug;
		};
		C2C7F1602913EA4F00E50893 /* Release */ = {
			isa = XCBuildConfiguration;
			buildSettings = {
				ALWAYS_SEARCH_USER_PATHS = NO;
				CLANG_ANALYZER_NONNULL = YES;
				CLANG_ANALYZER_NUMBER_OBJECT_CONVERSION = YES_AGGRESSIVE;
				CLANG_CXX_LANGUAGE_STANDARD = "gnu++20";
				CLANG_ENABLE_MODULES = YES;
				CLANG_ENABLE_OBJC_ARC = YES;
				CLANG_ENABLE_OBJC_WEAK = YES;
				CLANG_WARN_BLOCK_CAPTURE_AUTORELEASING = YES;
				CLANG_WARN_BOOL_CONVERSION = YES;
				CLANG_WARN_COMMA = YES;
				CLANG_WARN_CONSTANT_CONVERSION = YES;
				CLANG_WARN_DEPRECATED_OBJC_IMPLEMENTATIONS = YES;
				CLANG_WARN_DIRECT_OBJC_ISA_USAGE = YES_ERROR;
				CLANG_WARN_DOCUMENTATION_COMMENTS = YES;
				CLANG_WARN_EMPTY_BODY = YES;
				CLANG_WARN_ENUM_CONVERSION = YES;
				CLANG_WARN_INFINITE_RECURSION = YES;
				CLANG_WARN_INT_CONVERSION = YES;
				CLANG_WARN_NON_LITERAL_NULL_CONVERSION = YES;
				CLANG_WARN_OBJC_IMPLICIT_RETAIN_SELF = YES;
				CLANG_WARN_OBJC_LITERAL_CONVERSION = YES;
				CLANG_WARN_OBJC_ROOT_CLASS = YES_ERROR;
				CLANG_WARN_QUOTED_INCLUDE_IN_FRAMEWORK_HEADER = YES;
				CLANG_WARN_RANGE_LOOP_ANALYSIS = YES;
				CLANG_WARN_STRICT_PROTOTYPES = YES;
				CLANG_WARN_SUSPICIOUS_MOVE = YES;
				CLANG_WARN_UNGUARDED_AVAILABILITY = YES_AGGRESSIVE;
				CLANG_WARN_UNREACHABLE_CODE = YES;
				CLANG_WARN__DUPLICATE_METHOD_MATCH = YES;
				COPY_PHASE_STRIP = NO;
				DEBUG_INFORMATION_FORMAT = "dwarf-with-dsym";
				ENABLE_NS_ASSERTIONS = NO;
				ENABLE_STRICT_OBJC_MSGSEND = YES;
				GCC_C_LANGUAGE_STANDARD = gnu11;
				GCC_NO_COMMON_BLOCKS = YES;
				GCC_WARN_64_TO_32_BIT_CONVERSION = YES;
				GCC_WARN_ABOUT_RETURN_TYPE = YES_ERROR;
				GCC_WARN_UNDECLARED_SELECTOR = YES;
				GCC_WARN_UNINITIALIZED_AUTOS = YES_AGGRESSIVE;
				GCC_WARN_UNUSED_FUNCTION = YES;
				GCC_WARN_UNUSED_VARIABLE = YES;
				IPHONEOS_DEPLOYMENT_TARGET = 16.0;
				MTL_ENABLE_DEBUG_INFO = NO;
				MTL_FAST_MATH = YES;
				SDKROOT = iphoneos;
				SWIFT_COMPILATION_MODE = wholemodule;
				SWIFT_OPTIMIZATION_LEVEL = "-O";
				VALIDATE_PRODUCT = YES;
			};
			name = Release;
		};
		C2C7F1622913EA4F00E50893 /* Debug */ = {
			isa = XCBuildConfiguration;
			baseConfigurationReference = A847BB710928042C63A53A86 /* Pods-SwiftUIBootcamp.debug.xcconfig */;
			buildSettings = {
				ASSETCATALOG_COMPILER_APPICON_NAME = AppIcon;
				ASSETCATALOG_COMPILER_GLOBAL_ACCENT_COLOR_NAME = AccentColor;
				CODE_SIGN_STYLE = Automatic;
				CURRENT_PROJECT_VERSION = 1;
				DEVELOPMENT_ASSET_PATHS = "\"SwiftUIBootcamp/Preview Content\"";
				DEVELOPMENT_TEAM = AFDF95FC8X;
				ENABLE_PREVIEWS = YES;
				GENERATE_INFOPLIST_FILE = YES;
				INFOPLIST_KEY_UIApplicationSceneManifest_Generation = YES;
				INFOPLIST_KEY_UIApplicationSupportsIndirectInputEvents = YES;
				INFOPLIST_KEY_UILaunchScreen_Generation = YES;
				INFOPLIST_KEY_UISupportedInterfaceOrientations_iPad = "UIInterfaceOrientationPortrait UIInterfaceOrientationPortraitUpsideDown UIInterfaceOrientationLandscapeLeft UIInterfaceOrientationLandscapeRight";
				INFOPLIST_KEY_UISupportedInterfaceOrientations_iPhone = "UIInterfaceOrientationPortrait UIInterfaceOrientationLandscapeLeft UIInterfaceOrientationLandscapeRight";
				LD_RUNPATH_SEARCH_PATHS = (
					"$(inherited)",
					"@executable_path/Frameworks",
				);
				MARKETING_VERSION = 1.0;
				PRODUCT_BUNDLE_IDENTIFIER = bla.SwiftUIBootcamp;
				PRODUCT_NAME = "$(TARGET_NAME)";
				SWIFT_EMIT_LOC_STRINGS = YES;
				SWIFT_VERSION = 5.0;
				TARGETED_DEVICE_FAMILY = "1,2";
			};
			name = Debug;
		};
		C2C7F1632913EA4F00E50893 /* Release */ = {
			isa = XCBuildConfiguration;
			baseConfigurationReference = A43571628D6CEE3858DA9C3D /* Pods-SwiftUIBootcamp.release.xcconfig */;
			buildSettings = {
				ASSETCATALOG_COMPILER_APPICON_NAME = AppIcon;
				ASSETCATALOG_COMPILER_GLOBAL_ACCENT_COLOR_NAME = AccentColor;
				CODE_SIGN_STYLE = Automatic;
				CURRENT_PROJECT_VERSION = 1;
				DEVELOPMENT_ASSET_PATHS = "\"SwiftUIBootcamp/Preview Content\"";
				DEVELOPMENT_TEAM = AFDF95FC8X;
				ENABLE_PREVIEWS = YES;
				GENERATE_INFOPLIST_FILE = YES;
				INFOPLIST_KEY_UIApplicationSceneManifest_Generation = YES;
				INFOPLIST_KEY_UIApplicationSupportsIndirectInputEvents = YES;
				INFOPLIST_KEY_UILaunchScreen_Generation = YES;
				INFOPLIST_KEY_UISupportedInterfaceOrientations_iPad = "UIInterfaceOrientationPortrait UIInterfaceOrientationPortraitUpsideDown UIInterfaceOrientationLandscapeLeft UIInterfaceOrientationLandscapeRight";
				INFOPLIST_KEY_UISupportedInterfaceOrientations_iPhone = "UIInterfaceOrientationPortrait UIInterfaceOrientationLandscapeLeft UIInterfaceOrientationLandscapeRight";
				LD_RUNPATH_SEARCH_PATHS = (
					"$(inherited)",
					"@executable_path/Frameworks",
				);
				MARKETING_VERSION = 1.0;
				PRODUCT_BUNDLE_IDENTIFIER = bla.SwiftUIBootcamp;
				PRODUCT_NAME = "$(TARGET_NAME)";
				SWIFT_EMIT_LOC_STRINGS = YES;
				SWIFT_VERSION = 5.0;
				TARGETED_DEVICE_FAMILY = "1,2";
			};
			name = Release;
		};
/* End XCBuildConfiguration section */

/* Begin XCConfigurationList section */
		C2C7F14E2913EA4D00E50893 /* Build configuration list for PBXProject "SwiftUIBootcamp" */ = {
			isa = XCConfigurationList;
			buildConfigurations = (
				C2C7F15F2913EA4F00E50893 /* Debug */,
				C2C7F1602913EA4F00E50893 /* Release */,
			);
			defaultConfigurationIsVisible = 0;
			defaultConfigurationName = Release;
		};
		C2C7F1612913EA4F00E50893 /* Build configuration list for PBXNativeTarget "SwiftUIBootcamp" */ = {
			isa = XCConfigurationList;
			buildConfigurations = (
				C2C7F1622913EA4F00E50893 /* Debug */,
				C2C7F1632913EA4F00E50893 /* Release */,
			);
			defaultConfigurationIsVisible = 0;
			defaultConfigurationName = Release;
		};
/* End XCConfigurationList section */
	};
	rootObject = C2C7F14B2913EA4D00E50893 /* Project object */;
}
